
Microsoft Visual Studio Solution File, Format Version 12.00
# Visual Studio 15
VisualStudioVersion = 15.0.28307.136
MinimumVisualStudioVersion = 10.0.40219.1
Project("{FAE04EC0-301F-11D3-BF4B-00C04F79EFBC}") = "MobileCost.Android", "MobileCost\MobileCost.Android\MobileCost.Android.csproj", "{B03DB886-9DC3-49EF-BC4A-A18A2BDB3073}"
EndProject
Project("{FAE04EC0-301F-11D3-BF4B-00C04F79EFBC}") = "MobileCost.iOS", "MobileCost\MobileCost.iOS\MobileCost.iOS.csproj", "{804A7454-0AD0-44C3-81CC-EC26243478B9}"
EndProject
Project("{FAE04EC0-301F-11D3-BF4B-00C04F79EFBC}") = "MobileCost", "MobileCost\MobileCost\MobileCost.csproj", "{3035971F-D989-48F4-8295-69BB92EEC32F}"
EndProject
Global
	GlobalSection(SolutionConfigurationPlatforms) = preSolution
		Ad-Hoc|Any CPU = Ad-Hoc|Any CPU
		Ad-Hoc|iPhone = Ad-Hoc|iPhone
		Ad-Hoc|iPhoneSimulator = Ad-Hoc|iPhoneSimulator
		AppStore|Any CPU = AppStore|Any CPU
		AppStore|iPhone = AppStore|iPhone
		AppStore|iPhoneSimulator = AppStore|iPhoneSimulator
		Debug|Any CPU = Debug|Any CPU
		Debug|iPhone = Debug|iPhone
		Debug|iPhoneSimulator = Debug|iPhoneSimulator
		Release|Any CPU = Release|Any CPU
		Release|iPhone = Release|iPhone
		Release|iPhoneSimulator = Release|iPhoneSimulator
	EndGlobalSection
	GlobalSection(ProjectConfigurationPlatforms) = postSolution
		{B03DB886-9DC3-49EF-BC4A-A18A2BDB3073}.Ad-Hoc|Any CPU.ActiveCfg = Release|Any CPU
		{B03DB886-9DC3-49EF-BC4A-A18A2BDB3073}.Ad-Hoc|Any CPU.Build.0 = Release|Any CPU
		{B03DB886-9DC3-49EF-BC4A-A18A2BDB3073}.Ad-Hoc|Any CPU.Deploy.0 = Release|Any CPU
		{B03DB886-9DC3-49EF-BC4A-A18A2BDB3073}.Ad-Hoc|iPhone.ActiveCfg = Release|Any CPU
		{B03DB886-9DC3-49EF-BC4A-A18A2BDB3073}.Ad-Hoc|iPhone.Build.0 = Release|Any CPU
		{B03DB886-9DC3-49EF-BC4A-A18A2BDB3073}.Ad-Hoc|iPhone.Deploy.0 = Release|Any CPU
		{B03DB886-9DC3-49EF-BC4A-A18A2BDB3073}.Ad-Hoc|iPhoneSimulator.ActiveCfg = Release|Any CPU
		{B03DB886-9DC3-49EF-BC4A-A18A2BDB3073}.Ad-Hoc|iPhoneSimulator.Build.0 = Release|Any CPU
		{B03DB886-9DC3-49EF-BC4A-A18A2BDB3073}.Ad-Hoc|iPhoneSimulator.Deploy.0 = Release|Any CPU
		{B03DB886-9DC3-49EF-BC4A-A18A2BDB3073}.AppStore|Any CPU.ActiveCfg = Release|Any CPU
		{B03DB886-9DC3-49EF-BC4A-A18A2BDB3073}.AppStore|Any CPU.Build.0 = Release|Any CPU
		{B03DB886-9DC3-49EF-BC4A-A18A2BDB3073}.AppStore|Any CPU.Deploy.0 = Release|Any CPU
		{B03DB886-9DC3-49EF-BC4A-A18A2BDB3073}.AppStore|iPhone.ActiveCfg = Release|Any CPU
		{B03DB886-9DC3-49EF-BC4A-A18A2BDB3073}.AppStore|iPhone.Build.0 = Release|Any CPU
		{B03DB886-9DC3-49EF-BC4A-A18A2BDB3073}.AppStore|iPhone.Deploy.0 = Release|Any CPU
		{B03DB886-9DC3-49EF-BC4A-A18A2BDB3073}.AppStore|iPhoneSimulator.ActiveCfg = Release|Any CPU
		{B03DB886-9DC3-49EF-BC4A-A18A2BDB3073}.AppStore|iPhoneSimulator.Build.0 = Release|Any CPU
		{B03DB886-9DC3-49EF-BC4A-A18A2BDB3073}.AppStore|iPhoneSimulator.Deploy.0 = Release|Any CPU
		{B03DB886-9DC3-49EF-BC4A-A18A2BDB3073}.Debug|Any CPU.ActiveCfg = Debug|Any CPU
		{B03DB886-9DC3-49EF-BC4A-A18A2BDB3073}.Debug|Any CPU.Build.0 = Debug|Any CPU
		{B03DB886-9DC3-49EF-BC4A-A18A2BDB3073}.Debug|Any CPU.Deploy.0 = Debug|Any CPU
		{B03DB886-9DC3-49EF-BC4A-A18A2BDB3073}.Debug|iPhone.ActiveCfg = Debug|Any CPU
		{B03DB886-9DC3-49EF-BC4A-A18A2BDB3073}.Debug|iPhone.Build.0 = Debug|Any CPU
		{B03DB886-9DC3-49EF-BC4A-A18A2BDB3073}.Debug|iPhone.Deploy.0 = Debug|Any CPU
		{B03DB886-9DC3-49EF-BC4A-A18A2BDB3073}.Debug|iPhoneSimulator.ActiveCfg = Debug|Any CPU
		{B03DB886-9DC3-49EF-BC4A-A18A2BDB3073}.Debug|iPhoneSimulator.Build.0 = Debug|Any CPU
		{B03DB886-9DC3-49EF-BC4A-A18A2BDB3073}.Debug|iPhoneSimulator.Deploy.0 = Debug|Any CPU
		{B03DB886-9DC3-49EF-BC4A-A18A2BDB3073}.Release|Any CPU.ActiveCfg = Release|Any CPU
		{B03DB886-9DC3-49EF-BC4A-A18A2BDB3073}.Release|Any CPU.Build.0 = Release|Any CPU
		{B03DB886-9DC3-49EF-BC4A-A18A2BDB3073}.Release|Any CPU.Deploy.0 = Release|Any CPU
		{B03DB886-9DC3-49EF-BC4A-A18A2BDB3073}.Release|iPhone.ActiveCfg = Release|Any CPU
		{B03DB886-9DC3-49EF-BC4A-A18A2BDB3073}.Release|iPhone.Build.0 = Release|Any CPU
		{B03DB886-9DC3-49EF-BC4A-A18A2BDB3073}.Release|iPhone.Deploy.0 = Release|Any CPU
		{B03DB886-9DC3-49EF-BC4A-A18A2BDB3073}.Release|iPhoneSimulator.ActiveCfg = Release|Any CPU
		{B03DB886-9DC3-49EF-BC4A-A18A2BDB3073}.Release|iPhoneSimulator.Build.0 = Release|Any CPU
		{B03DB886-9DC3-49EF-BC4A-A18A2BDB3073}.Release|iPhoneSimulator.Deploy.0 = Release|Any CPU
		{804A7454-0AD0-44C3-81CC-EC26243478B9}.Ad-Hoc|Any CPU.ActiveCfg = Ad-Hoc|iPhone
		{804A7454-0AD0-44C3-81CC-EC26243478B9}.Ad-Hoc|Any CPU.Build.0 = Ad-Hoc|iPhone
		{804A7454-0AD0-44C3-81CC-EC26243478B9}.Ad-Hoc|Any CPU.Deploy.0 = Ad-Hoc|iPhone
		{804A7454-0AD0-44C3-81CC-EC26243478B9}.Ad-Hoc|iPhone.ActiveCfg = Ad-Hoc|iPhone
		{804A7454-0AD0-44C3-81CC-EC26243478B9}.Ad-Hoc|iPhone.Build.0 = Ad-Hoc|iPhone
		{804A7454-0AD0-44C3-81CC-EC26243478B9}.Ad-Hoc|iPhone.Deploy.0 = Ad-Hoc|iPhone
		{804A7454-0AD0-44C3-81CC-EC26243478B9}.Ad-Hoc|iPhoneSimulator.ActiveCfg = Ad-Hoc|iPhoneSimulator
		{804A7454-0AD0-44C3-81CC-EC26243478B9}.Ad-Hoc|iPhoneSimulator.Build.0 = Ad-Hoc|iPhoneSimulator
		{804A7454-0AD0-44C3-81CC-EC26243478B9}.Ad-Hoc|iPhoneSimulator.Deploy.0 = Ad-Hoc|iPhoneSimulator
		{804A7454-0AD0-44C3-81CC-EC26243478B9}.AppStore|Any CPU.ActiveCfg = AppStore|iPhone
		{804A7454-0AD0-44C3-81CC-EC26243478B9}.AppStore|Any CPU.Build.0 = AppStore|iPhone
		{804A7454-0AD0-44C3-81CC-EC26243478B9}.AppStore|Any CPU.Deploy.0 = AppStore|iPhone
		{804A7454-0AD0-44C3-81CC-EC26243478B9}.AppStore|iPhone.ActiveCfg = AppStore|iPhone
		{804A7454-0AD0-44C3-81CC-EC26243478B9}.AppStore|iPhone.Build.0 = AppStore|iPhone
		{804A7454-0AD0-44C3-81CC-EC26243478B9}.AppStore|iPhone.Deploy.0 = AppStore|iPhone
		{804A7454-0AD0-44C3-81CC-EC26243478B9}.AppStore|iPhoneSimulator.ActiveCfg = AppStore|iPhoneSimulator
		{804A7454-0AD0-44C3-81CC-EC26243478B9}.AppStore|iPhoneSimulator.Build.0 = AppStore|iPhoneSimulator
		{804A7454-0AD0-44C3-81CC-EC26243478B9}.AppStore|iPhoneSimulator.Deploy.0 = AppStore|iPhoneSimulator
		{804A7454-0AD0-44C3-81CC-EC26243478B9}.Debug|Any CPU.ActiveCfg = Debug|iPhoneSimulator
		{804A7454-0AD0-44C3-81CC-EC26243478B9}.Debug|Any CPU.Build.0 = Debug|iPhoneSimulator
		{804A7454-0AD0-44C3-81CC-EC26243478B9}.Debug|Any CPU.Deploy.0 = Debug|iPhoneSimulator
		{804A7454-0AD0-44C3-81CC-EC26243478B9}.Debug|iPhone.ActiveCfg = Debug|iPhone
		{804A7454-0AD0-44C3-81CC-EC26243478B9}.Debug|iPhone.Build.0 = Debug|iPhone
		{804A7454-0AD0-44C3-81CC-EC26243478B9}.Debug|iPhone.Deploy.0 = Debug|iPhone
		{804A7454-0AD0-44C3-81CC-EC26243478B9}.Debug|iPhoneSimulator.ActiveCfg = Debug|iPhoneSimulator
		{804A7454-0AD0-44C3-81CC-EC26243478B9}.Debug|iPhoneSimulator.Build.0 = Debug|iPhoneSimulator
		{804A7454-0AD0-44C3-81CC-EC26243478B9}.Debug|iPhoneSimulator.Deploy.0 = Debug|iPhoneSimulator
		{804A7454-0AD0-44C3-81CC-EC26243478B9}.Release|Any CPU.ActiveCfg = Release|iPhone
		{804A7454-0AD0-44C3-81CC-EC26243478B9}.Release|Any CPU.Build.0 = Release|iPhone
		{804A7454-0AD0-44C3-81CC-EC26243478B9}.Release|Any CPU.Deploy.0 = Release|iPhone
		{804A7454-0AD0-44C3-81CC-EC26243478B9}.Release|iPhone.ActiveCfg = Release|iPhone
		{804A7454-0AD0-44C3-81CC-EC26243478B9}.Release|iPhone.Build.0 = Release|iPhone
		{804A7454-0AD0-44C3-81CC-EC26243478B9}.Release|iPhone.Deploy.0 = Release|iPhone
		{804A7454-0AD0-44C3-81CC-EC26243478B9}.Release|iPhoneSimulator.ActiveCfg = Release|iPhoneSimulator
		{804A7454-0AD0-44C3-81CC-EC26243478B9}.Release|iPhoneSimulator.Build.0 = Release|iPhoneSimulator
		{804A7454-0AD0-44C3-81CC-EC26243478B9}.Release|iPhoneSimulator.Deploy.0 = Release|iPhoneSimulator
		{3035971F-D989-48F4-8295-69BB92EEC32F}.Ad-Hoc|Any CPU.ActiveCfg = Debug|Any CPU
		{3035971F-D989-48F4-8295-69BB92EEC32F}.Ad-Hoc|Any CPU.Build.0 = Debug|Any CPU
		{3035971F-D989-48F4-8295-69BB92EEC32F}.Ad-Hoc|Any CPU.Deploy.0 = Debug|Any CPU
		{3035971F-D989-48F4-8295-69BB92EEC32F}.Ad-Hoc|iPhone.ActiveCfg = Debug|Any CPU
		{3035971F-D989-48F4-8295-69BB92EEC32F}.Ad-Hoc|iPhone.Build.0 = Debug|Any CPU
		{3035971F-D989-48F4-8295-69BB92EEC32F}.Ad-Hoc|iPhone.Deploy.0 = Debug|Any CPU
		{3035971F-D989-48F4-8295-69BB92EEC32F}.Ad-Hoc|iPhoneSimulator.ActiveCfg = Debug|Any CPU
		{3035971F-D989-48F4-8295-69BB92EEC32F}.Ad-Hoc|iPhoneSimulator.Build.0 = Debug|Any CPU
		{3035971F-D989-48F4-8295-69BB92EEC32F}.Ad-Hoc|iPhoneSimulator.Deploy.0 = Debug|Any CPU
		{3035971F-D989-48F4-8295-69BB92EEC32F}.AppStore|Any CPU.ActiveCfg = Debug|Any CPU
		{3035971F-D989-48F4-8295-69BB92EEC32F}.AppStore|Any CPU.Build.0 = Debug|Any CPU
		{3035971F-D989-48F4-8295-69BB92EEC32F}.AppStore|Any CPU.Deploy.0 = Debug|Any CPU
		{3035971F-D989-48F4-8295-69BB92EEC32F}.AppStore|iPhone.ActiveCfg = Debug|Any CPU
		{3035971F-D989-48F4-8295-69BB92EEC32F}.AppStore|iPhone.Build.0 = Debug|Any CPU
		{3035971F-D989-48F4-8295-69BB92EEC32F}.AppStore|iPhone.Deploy.0 = Debug|Any CPU
		{3035971F-D989-48F4-8295-69BB92EEC32F}.AppStore|iPhoneSimulator.ActiveCfg = Debug|Any CPU
		{3035971F-D989-48F4-8295-69BB92EEC32F}.AppStore|iPhoneSimulator.Build.0 = Debug|Any CPU
		{3035971F-D989-48F4-8295-69BB92EEC32F}.AppStore|iPhoneSimulator.Deploy.0 = Debug|Any CPU
		{3035971F-D989-48F4-8295-69BB92EEC32F}.Debug|Any CPU.ActiveCfg = Debug|Any CPU
		{3035971F-D989-48F4-8295-69BB92EEC32F}.Debug|Any CPU.Build.0 = Debug|Any CPU
		{3035971F-D989-48F4-8295-69BB92EEC32F}.Debug|Any CPU.Deploy.0 = Debug|Any CPU
		{3035971F-D989-48F4-8295-69BB92EEC32F}.Debug|iPhone.ActiveCfg = Debug|Any CPU
		{3035971F-D989-48F4-8295-69BB92EEC32F}.Debug|iPhone.Build.0 = Debug|Any CPU
		{3035971F-D989-48F4-8295-69BB92EEC32F}.Debug|iPhone.Deploy.0 = Debug|Any CPU
		{3035971F-D989-48F4-8295-69BB92EEC32F}.Debug|iPhoneSimulator.ActiveCfg = Debug|Any CPU
		{3035971F-D989-48F4-8295-69BB92EEC32F}.Debug|iPhoneSimulator.Build.0 = Debug|Any CPU
		{3035971F-D989-48F4-8295-69BB92EEC32F}.Debug|iPhoneSimulator.Deploy.0 = Debug|Any CPU
		{3035971F-D989-48F4-8295-69BB92EEC32F}.Release|Any CPU.ActiveCfg = Release|Any CPU
		{3035971F-D989-48F4-8295-69BB92EEC32F}.Release|Any CPU.Build.0 = Release|Any CPU
		{3035971F-D989-48F4-8295-69BB92EEC32F}.Release|Any CPU.Deploy.0 = Release|Any CPU
		{3035971F-D989-48F4-8295-69BB92EEC32F}.Release|iPhone.ActiveCfg = Release|Any CPU
		{3035971F-D989-48F4-8295-69BB92EEC32F}.Release|iPhone.Build.0 = Release|Any CPU
		{3035971F-D989-48F4-8295-69BB92EEC32F}.Release|iPhone.Deploy.0 = Release|Any CPU
		{3035971F-D989-48F4-8295-69BB92EEC32F}.Release|iPhoneSimulator.ActiveCfg = Release|Any CPU
		{3035971F-D989-48F4-8295-69BB92EEC32F}.Release|iPhoneSimulator.Build.0 = Release|Any CPU
		{3035971F-D989-48F4-8295-69BB92EEC32F}.Release|iPhoneSimulator.Deploy.0 = Release|Any CPU
	EndGlobalSection
	GlobalSection(SolutionProperties) = preSolution
		HideSolutionNode = FALSE
	EndGlobalSection
	GlobalSection(ExtensibilityGlobals) = postSolution
		SolutionGuid = {EB0C320C-BFC5-41DA-9C2C-6F8B7B2ADF9E}
	EndGlobalSection
EndGlobal
